
Microsoft Visual Studio Solution File, Format Version 12.00
# Visual Studio Version 17
VisualStudioVersion = 17.0.31521.260
MinimumVisualStudioVersion = 10.0.40219.1
Project("{2150E333-8FDC-42A3-9474-1A3956D46DE8}") = "src", "src", "{CE59F6FC-1501-4E25-814A-52B0E0C677C7}"
EndProject
Project("{2150E333-8FDC-42A3-9474-1A3956D46DE8}") = "Building Blocks", "Building Blocks", "{117A9589-2568-4766-8D6F-6A5E1F0E5C42}"
EndProject
Project("{2150E333-8FDC-42A3-9474-1A3956D46DE8}") = "Services", "Services", "{D6AEADC0-0DC2-4BF1-9305-436814FC0EE6}"
EndProject
Project("{2150E333-8FDC-42A3-9474-1A3956D46DE8}") = "Web", "Web", "{119CFEA6-A437-44DA-9213-EE8B87493873}"
EndProject
Project("{2150E333-8FDC-42A3-9474-1A3956D46DE8}") = "Identity", "Identity", "{E20930AE-E7E7-4ED1-AFD4-A5D709810AAF}"
EndProject
Project("{2150E333-8FDC-42A3-9474-1A3956D46DE8}") = "MVC", "MVC", "{E9CE11FB-0D6C-4843-ABDD-19D63ED900EF}"
EndProject
Project("{9A19103F-16F7-4668-BE54-9A1E7A4F7556}") = "DevStore.WebApp.MVC", "src\web\DevStore.WebApp.MVC\DevStore.WebApp.MVC.csproj", "{6C4032D4-7AEB-49C7-A551-F5B84D3945BB}"
EndProject
Project("{2150E333-8FDC-42A3-9474-1A3956D46DE8}") = "Core", "Core", "{4F41812C-6330-4B49-A5B0-CC7012E2BE45}"
EndProject
Project("{2150E333-8FDC-42A3-9474-1A3956D46DE8}") = "ShoppingCart", "ShoppingCart", "{DDC37040-1B9B-49FB-AA06-2982159F9CE0}"
EndProject
Project("{2150E333-8FDC-42A3-9474-1A3956D46DE8}") = "Catalog", "Catalog", "{11F7FADB-845F-4786-A226-39C7320EF12E}"
EndProject
Project("{2150E333-8FDC-42A3-9474-1A3956D46DE8}") = "Customer", "Customer", "{0087F975-336A-4537-B653-DF81E2ADA298}"
EndProject
Project("{2150E333-8FDC-42A3-9474-1A3956D46DE8}") = "Billing", "Billing", "{003AF41A-DE6D-4E10-BFB2-B17DFFAA96CF}"
EndProject
Project("{2150E333-8FDC-42A3-9474-1A3956D46DE8}") = "Order", "Order", "{D677DC3B-F746-4A12-8C71-41BAAB2BDDF8}"
EndProject
Project("{9A19103F-16F7-4668-BE54-9A1E7A4F7556}") = "DevStore.Customers.API", "src\services\DevStore.Customers.API\DevStore.Customers.API.csproj", "{5F298BAD-0EA5-4CDF-B7B7-9D709E50AB92}"
EndProject
Project("{2150E333-8FDC-42A3-9474-1A3956D46DE8}") = "Services", "Services", "{60924242-29A8-4198-81FB-7F9705A6B2C1}"
EndProject
Project("{2150E333-8FDC-42A3-9474-1A3956D46DE8}") = "MessageBus", "MessageBus", "{99AB4AF0-CDF2-4D8B-94AC-03B210B47E60}"
EndProject
Project("{2150E333-8FDC-42A3-9474-1A3956D46DE8}") = "ApiGateways", "ApiGateways", "{4873EADB-8F34-40A3-9FF4-68591BD8490C}"
EndProject
Project("{2150E333-8FDC-42A3-9474-1A3956D46DE8}") = "Checkout", "Checkout", "{FEDE6DE9-8959-4E0F-A4D1-814391EF7CE7}"
EndProject
Project("{9A19103F-16F7-4668-BE54-9A1E7A4F7556}") = "DevStore.Catalog.API", "src\services\DevStore.Catalog.API\DevStore.Catalog.API.csproj", "{C5C8EDA9-1776-4711-BCA1-E36EB8848903}"
EndProject
Project("{9A19103F-16F7-4668-BE54-9A1E7A4F7556}") = "DevStore.ShoppingCart.API", "src\services\DevStore.ShoppingCart.API\DevStore.ShoppingCart.API.csproj", "{9450368A-7B90-48AD-9B71-D89DFD2F6483}"
EndProject
Project("{9A19103F-16F7-4668-BE54-9A1E7A4F7556}") = "DevStore.Identity.API", "src\services\DevStore.Identity.API\DevStore.Identity.API.csproj", "{9108A23F-9335-4B75-9FFB-689F2C08E00C}"
EndProject
Project("{9A19103F-16F7-4668-BE54-9A1E7A4F7556}") = "DevStore.Billing.API", "src\services\DevStore.Billing.API\DevStore.Billing.API.csproj", "{F841B4BC-6DFE-459A-A7A7-A4306DE930AF}"
EndProject
Project("{9A19103F-16F7-4668-BE54-9A1E7A4F7556}") = "DevStore.Orders.API", "src\services\DevStore.Orders.API\DevStore.Orders.API.csproj", "{99B2F810-E674-4074-AD88-A626CFE9798C}"
EndProject
Project("{9A19103F-16F7-4668-BE54-9A1E7A4F7556}") = "DevStore.Orders.Domain", "src\services\DevStore.Orders.Domain\DevStore.Orders.Domain.csproj", "{9FAEB88F-A6D2-48C9-9272-C186748BEB7D}"
EndProject
Project("{9A19103F-16F7-4668-BE54-9A1E7A4F7556}") = "DevStore.Orders.Infra", "src\services\DevStore.Orders.Infra\DevStore.Orders.Infra.csproj", "{F2CDC002-2B0B-4CA9-B109-566F38237103}"
EndProject
Project("{9A19103F-16F7-4668-BE54-9A1E7A4F7556}") = "DevStore.Billing.DevsPay", "src\services\DevStore.Billing.DevsPay\DevStore.Billing.DevsPay.csproj", "{78A1DB98-C40C-4E4E-A7F4-EEC144C3C0E4}"
EndProject
Project("{9A19103F-16F7-4668-BE54-9A1E7A4F7556}") = "DevStore.Core", "src\building-blocks\DevStore.Core\DevStore.Core.csproj", "{DEE5011D-21D6-48A8-B73B-C3BF33AE831B}"
EndProject
Project("{9A19103F-16F7-4668-BE54-9A1E7A4F7556}") = "DevStore.MessageBus", "src\building-blocks\DevStore.MessageBus\DevStore.MessageBus.csproj", "{97750981-36E4-4CE6-AC3D-BE114FB61F86}"
EndProject
Project("{9A19103F-16F7-4668-BE54-9A1E7A4F7556}") = "DevStore.WebAPI.Core", "src\building-blocks\DevStore.WebAPI.Core\DevStore.WebAPI.Core.csproj", "{0A4E3CBC-6ED1-4D05-A1B7-1773D2010EFD}"
EndProject
Project("{9A19103F-16F7-4668-BE54-9A1E7A4F7556}") = "DevStore.Bff.Checkout", "src\api-gateways\DevStore.Bff.Checkout\DevStore.Bff.Checkout.csproj", "{5435B9A8-DDEE-4884-B542-935FF7621673}"
EndProject
Global
	GlobalSection(SolutionConfigurationPlatforms) = preSolution
		Debug|Any CPU = Debug|Any CPU
		Release|Any CPU = Release|Any CPU
	EndGlobalSection
	GlobalSection(ProjectConfigurationPlatforms) = postSolution
		{6C4032D4-7AEB-49C7-A551-F5B84D3945BB}.Debug|Any CPU.ActiveCfg = Debug|Any CPU
		{6C4032D4-7AEB-49C7-A551-F5B84D3945BB}.Debug|Any CPU.Build.0 = Debug|Any CPU
		{6C4032D4-7AEB-49C7-A551-F5B84D3945BB}.Release|Any CPU.ActiveCfg = Release|Any CPU
		{6C4032D4-7AEB-49C7-A551-F5B84D3945BB}.Release|Any CPU.Build.0 = Release|Any CPU
		{5F298BAD-0EA5-4CDF-B7B7-9D709E50AB92}.Debug|Any CPU.ActiveCfg = Debug|Any CPU
		{5F298BAD-0EA5-4CDF-B7B7-9D709E50AB92}.Debug|Any CPU.Build.0 = Debug|Any CPU
		{5F298BAD-0EA5-4CDF-B7B7-9D709E50AB92}.Release|Any CPU.ActiveCfg = Release|Any CPU
		{5F298BAD-0EA5-4CDF-B7B7-9D709E50AB92}.Release|Any CPU.Build.0 = Release|Any CPU
		{C5C8EDA9-1776-4711-BCA1-E36EB8848903}.Debug|Any CPU.ActiveCfg = Debug|Any CPU
		{C5C8EDA9-1776-4711-BCA1-E36EB8848903}.Debug|Any CPU.Build.0 = Debug|Any CPU
		{C5C8EDA9-1776-4711-BCA1-E36EB8848903}.Release|Any CPU.ActiveCfg = Release|Any CPU
		{C5C8EDA9-1776-4711-BCA1-E36EB8848903}.Release|Any CPU.Build.0 = Release|Any CPU
		{9450368A-7B90-48AD-9B71-D89DFD2F6483}.Debug|Any CPU.ActiveCfg = Debug|Any CPU
		{9450368A-7B90-48AD-9B71-D89DFD2F6483}.Debug|Any CPU.Build.0 = Debug|Any CPU
		{9450368A-7B90-48AD-9B71-D89DFD2F6483}.Release|Any CPU.ActiveCfg = Release|Any CPU
		{9450368A-7B90-48AD-9B71-D89DFD2F6483}.Release|Any CPU.Build.0 = Release|Any CPU
		{9108A23F-9335-4B75-9FFB-689F2C08E00C}.Debug|Any CPU.ActiveCfg = Debug|Any CPU
		{9108A23F-9335-4B75-9FFB-689F2C08E00C}.Debug|Any CPU.Build.0 = Debug|Any CPU
		{9108A23F-9335-4B75-9FFB-689F2C08E00C}.Release|Any CPU.ActiveCfg = Release|Any CPU
		{9108A23F-9335-4B75-9FFB-689F2C08E00C}.Release|Any CPU.Build.0 = Release|Any CPU
		{F841B4BC-6DFE-459A-A7A7-A4306DE930AF}.Debug|Any CPU.ActiveCfg = Debug|Any CPU
		{F841B4BC-6DFE-459A-A7A7-A4306DE930AF}.Debug|Any CPU.Build.0 = Debug|Any CPU
		{F841B4BC-6DFE-459A-A7A7-A4306DE930AF}.Release|Any CPU.ActiveCfg = Release|Any CPU
		{F841B4BC-6DFE-459A-A7A7-A4306DE930AF}.Release|Any CPU.Build.0 = Release|Any CPU
		{99B2F810-E674-4074-AD88-A626CFE9798C}.Debug|Any CPU.ActiveCfg = Debug|Any CPU
		{99B2F810-E674-4074-AD88-A626CFE9798C}.Debug|Any CPU.Build.0 = Debug|Any CPU
		{99B2F810-E674-4074-AD88-A626CFE9798C}.Release|Any CPU.ActiveCfg = Release|Any CPU
		{99B2F810-E674-4074-AD88-A626CFE9798C}.Release|Any CPU.Build.0 = Release|Any CPU
		{9FAEB88F-A6D2-48C9-9272-C186748BEB7D}.Debug|Any CPU.ActiveCfg = Debug|Any CPU
		{9FAEB88F-A6D2-48C9-9272-C186748BEB7D}.Debug|Any CPU.Build.0 = Debug|Any CPU
		{9FAEB88F-A6D2-48C9-9272-C186748BEB7D}.Release|Any CPU.ActiveCfg = Release|Any CPU
		{9FAEB88F-A6D2-48C9-9272-C186748BEB7D}.Release|Any CPU.Build.0 = Release|Any CPU
		{F2CDC002-2B0B-4CA9-B109-566F38237103}.Debug|Any CPU.ActiveCfg = Debug|Any CPU
		{F2CDC002-2B0B-4CA9-B109-566F38237103}.Debug|Any CPU.Build.0 = Debug|Any CPU
		{F2CDC002-2B0B-4CA9-B109-566F38237103}.Release|Any CPU.ActiveCfg = Release|Any CPU
		{F2CDC002-2B0B-4CA9-B109-566F38237103}.Release|Any CPU.Build.0 = Release|Any CPU
		{78A1DB98-C40C-4E4E-A7F4-EEC144C3C0E4}.Debug|Any CPU.ActiveCfg = Debug|Any CPU
		{78A1DB98-C40C-4E4E-A7F4-EEC144C3C0E4}.Debug|Any CPU.Build.0 = Debug|Any CPU
		{78A1DB98-C40C-4E4E-A7F4-EEC144C3C0E4}.Release|Any CPU.ActiveCfg = Release|Any CPU
		{78A1DB98-C40C-4E4E-A7F4-EEC144C3C0E4}.Release|Any CPU.Build.0 = Release|Any CPU
		{DEE5011D-21D6-48A8-B73B-C3BF33AE831B}.Debug|Any CPU.ActiveCfg = Debug|Any CPU
		{DEE5011D-21D6-48A8-B73B-C3BF33AE831B}.Debug|Any CPU.Build.0 = Debug|Any CPU
		{DEE5011D-21D6-48A8-B73B-C3BF33AE831B}.Release|Any CPU.ActiveCfg = Release|Any CPU
		{DEE5011D-21D6-48A8-B73B-C3BF33AE831B}.Release|Any CPU.Build.0 = Release|Any CPU
		{97750981-36E4-4CE6-AC3D-BE114FB61F86}.Debug|Any CPU.ActiveCfg = Debug|Any CPU
		{97750981-36E4-4CE6-AC3D-BE114FB61F86}.Debug|Any CPU.Build.0 = Debug|Any CPU
		{97750981-36E4-4CE6-AC3D-BE114FB61F86}.Release|Any CPU.ActiveCfg = Release|Any CPU
		{97750981-36E4-4CE6-AC3D-BE114FB61F86}.Release|Any CPU.Build.0 = Release|Any CPU
		{0A4E3CBC-6ED1-4D05-A1B7-1773D2010EFD}.Debug|Any CPU.ActiveCfg = Debug|Any CPU
		{0A4E3CBC-6ED1-4D05-A1B7-1773D2010EFD}.Debug|Any CPU.Build.0 = Debug|Any CPU
		{0A4E3CBC-6ED1-4D05-A1B7-1773D2010EFD}.Release|Any CPU.ActiveCfg = Release|Any CPU
		{0A4E3CBC-6ED1-4D05-A1B7-1773D2010EFD}.Release|Any CPU.Build.0 = Release|Any CPU
		{5435B9A8-DDEE-4884-B542-935FF7621673}.Debug|Any CPU.ActiveCfg = Debug|Any CPU
		{5435B9A8-DDEE-4884-B542-935FF7621673}.Debug|Any CPU.Build.0 = Debug|Any CPU
		{5435B9A8-DDEE-4884-B542-935FF7621673}.Release|Any CPU.ActiveCfg = Release|Any CPU
		{5435B9A8-DDEE-4884-B542-935FF7621673}.Release|Any CPU.Build.0 = Release|Any CPU
	EndGlobalSection
	GlobalSection(SolutionProperties) = preSolution
		HideSolutionNode = FALSE
	EndGlobalSection
	GlobalSection(NestedProjects) = preSolution
		{117A9589-2568-4766-8D6F-6A5E1F0E5C42} = {CE59F6FC-1501-4E25-814A-52B0E0C677C7}
		{D6AEADC0-0DC2-4BF1-9305-436814FC0EE6} = {CE59F6FC-1501-4E25-814A-52B0E0C677C7}
		{119CFEA6-A437-44DA-9213-EE8B87493873} = {CE59F6FC-1501-4E25-814A-52B0E0C677C7}
		{E20930AE-E7E7-4ED1-AFD4-A5D709810AAF} = {D6AEADC0-0DC2-4BF1-9305-436814FC0EE6}
		{E9CE11FB-0D6C-4843-ABDD-19D63ED900EF} = {119CFEA6-A437-44DA-9213-EE8B87493873}
		{6C4032D4-7AEB-49C7-A551-F5B84D3945BB} = {E9CE11FB-0D6C-4843-ABDD-19D63ED900EF}
		{4F41812C-6330-4B49-A5B0-CC7012E2BE45} = {117A9589-2568-4766-8D6F-6A5E1F0E5C42}
		{DDC37040-1B9B-49FB-AA06-2982159F9CE0} = {D6AEADC0-0DC2-4BF1-9305-436814FC0EE6}
		{11F7FADB-845F-4786-A226-39C7320EF12E} = {D6AEADC0-0DC2-4BF1-9305-436814FC0EE6}
		{0087F975-336A-4537-B653-DF81E2ADA298} = {D6AEADC0-0DC2-4BF1-9305-436814FC0EE6}
		{003AF41A-DE6D-4E10-BFB2-B17DFFAA96CF} = {D6AEADC0-0DC2-4BF1-9305-436814FC0EE6}
		{D677DC3B-F746-4A12-8C71-41BAAB2BDDF8} = {D6AEADC0-0DC2-4BF1-9305-436814FC0EE6}
		{5F298BAD-0EA5-4CDF-B7B7-9D709E50AB92} = {0087F975-336A-4537-B653-DF81E2ADA298}
		{60924242-29A8-4198-81FB-7F9705A6B2C1} = {117A9589-2568-4766-8D6F-6A5E1F0E5C42}
		{99AB4AF0-CDF2-4D8B-94AC-03B210B47E60} = {117A9589-2568-4766-8D6F-6A5E1F0E5C42}
		{4873EADB-8F34-40A3-9FF4-68591BD8490C} = {CE59F6FC-1501-4E25-814A-52B0E0C677C7}
		{FEDE6DE9-8959-4E0F-A4D1-814391EF7CE7} = {4873EADB-8F34-40A3-9FF4-68591BD8490C}
		{C5C8EDA9-1776-4711-BCA1-E36EB8848903} = {11F7FADB-845F-4786-A226-39C7320EF12E}
		{9450368A-7B90-48AD-9B71-D89DFD2F6483} = {DDC37040-1B9B-49FB-AA06-2982159F9CE0}
		{9108A23F-9335-4B75-9FFB-689F2C08E00C} = {E20930AE-E7E7-4ED1-AFD4-A5D709810AAF}
		{F841B4BC-6DFE-459A-A7A7-A4306DE930AF} = {003AF41A-DE6D-4E10-BFB2-B17DFFAA96CF}
		{99B2F810-E674-4074-AD88-A626CFE9798C} = {D677DC3B-F746-4A12-8C71-41BAAB2BDDF8}
		{9FAEB88F-A6D2-48C9-9272-C186748BEB7D} = {D677DC3B-F746-4A12-8C71-41BAAB2BDDF8}
		{F2CDC002-2B0B-4CA9-B109-566F38237103} = {D677DC3B-F746-4A12-8C71-41BAAB2BDDF8}
		{78A1DB98-C40C-4E4E-A7F4-EEC144C3C0E4} = {003AF41A-DE6D-4E10-BFB2-B17DFFAA96CF}
		{DEE5011D-21D6-48A8-B73B-C3BF33AE831B} = {4F41812C-6330-4B49-A5B0-CC7012E2BE45}
		{97750981-36E4-4CE6-AC3D-BE114FB61F86} = {99AB4AF0-CDF2-4D8B-94AC-03B210B47E60}
		{0A4E3CBC-6ED1-4D05-A1B7-1773D2010EFD} = {60924242-29A8-4198-81FB-7F9705A6B2C1}
		{5435B9A8-DDEE-4884-B542-935FF7621673} = {FEDE6DE9-8959-4E0F-A4D1-814391EF7CE7}
	EndGlobalSection
	GlobalSection(ExtensibilityGlobals) = postSolution
		SolutionGuid = {5636683D-9745-4645-8DF8-3834F35F791B}
	EndGlobalSection
EndGlobal
